
Microsoft Visual Studio Solution File, Format Version 12.00
# Visual Studio Version 16
VisualStudioVersion = 16.0.31205.134
MinimumVisualStudioVersion = 10.0.40219.1
Project("{9092AA53-FB77-4645-B42D-1CCCA6BD08BD}") = "AIEN12-project", "AIEN12-project\AIEN12-project.njsproj", "{989FC4A7-456A-4A35-860E-D35439015D40}"
EndProject
Global
	GlobalSection(SolutionConfigurationPlatforms) = preSolution
		Debug|Any CPU = Debug|Any CPU
		Release|Any CPU = Release|Any CPU
	EndGlobalSection
	GlobalSection(ProjectConfigurationPlatforms) = postSolution
		{989FC4A7-456A-4A35-860E-D35439015D40}.Debug|Any CPU.ActiveCfg = Debug|Any CPU
		{989FC4A7-456A-4A35-860E-D35439015D40}.Debug|Any CPU.Build.0 = Debug|Any CPU
		{989FC4A7-456A-4A35-860E-D35439015D40}.Release|Any CPU.ActiveCfg = Release|Any CPU
		{989FC4A7-456A-4A35-860E-D35439015D40}.Release|Any CPU.Build.0 = Release|Any CPU
	EndGlobalSection
	GlobalSection(SolutionProperties) = preSolution
		HideSolutionNode = FALSE
	EndGlobalSection
	GlobalSection(ExtensibilityGlobals) = postSolution
		SolutionGuid = {3305B9E9-DA84-4906-A6CD-F524B511597F}
	EndGlobalSection
EndGlobal
